{
	"name": "example",
	"version": "0.0.0",
	"lockfileVersion": 3,
	"requires": true,
	"packages": {
		"": {
			"name": "example",
			"version": "0.0.0",
			"dependencies": {
				"@node-3d/glfw": "~7.0.0",
				"@node-3d/image": "~6.0.0"
			},
			"engines": {
				"node": ">=24.13.0",
				"npm": ">=11.6.2"
			}
		},
		"node_modules/@node-3d/addon-tools": {
			"version": "10.0.4",
			"resolved": "https://registry.npmjs.org/@node-3d/addon-tools/-/addon-tools-10.0.4.tgz",
			"integrity": "sha512-kEoOq/zEbbTHjU1JUTrB/g9PAHgyyCNWEy5AqzUD4/z5ZwRIk2UR5SaAgo/H/EVYCZgCdhkhdL1on2FrApwSlg==",
			"license": "MIT",
			"engines": {
				"node": ">=24.13.0",
				"npm": ">=11.6.2"
			},
			"peerDependencies": {
				"node-addon-api": "^8.9.0"
			},
			"peerDependenciesMeta": {
				"node-addon-api": {
					"optional": true
				}
			}
		},
		"node_modules/@node-3d/deps-freeimage": {
			"version": "7.0.0",
			"resolved": "https://registry.npmjs.org/@node-3d/deps-freeimage/-/deps-freeimage-7.0.0.tgz",
			"integrity": "sha512-wANNpmC+PicoxbLNmmAm0gZWsrMHQ2/HWbRPoTZq8EVd31dq+s3LbvDRQUu2LqyhSe8lRkAXU4TdPh8nWllypQ==",
			"hasInstallScript": true,
			"license": "MIT",
			"dependencies": {
				"@node-3d/addon-tools": "~10.0.1"
			},
			"engines": {
				"node": ">=24.13.0",
				"npm": ">=11.6.2"
			}
		},
		"node_modules/@node-3d/deps-opengl": {
			"version": "8.0.1",
			"resolved": "https://registry.npmjs.org/@node-3d/deps-opengl/-/deps-opengl-8.0.1.tgz",
			"integrity": "sha512-Z1efu+iNzR7X5EsKB9lvh02+xwlySRlLMLObgUFynU2jkknZcjrE2ZNS4yg8kfGZQ75zhbJV9tgAVCMjPmU4+g==",
			"hasInstallScript": true,
			"license": "MIT",
			"dependencies": {
				"@node-3d/addon-tools": "~10.0.1"
			},
			"engines": {
				"node": ">=24.13.0",
				"npm": ">=11.6.2"
			}
		},
		"node_modules/@node-3d/glfw": {
			"version": "7.0.0",
			"resolved": "https://registry.npmjs.org/@node-3d/glfw/-/glfw-7.0.0.tgz",
			"integrity": "sha512-t7snSREEUWt7hV1Q2QqqTb8vxAh/la0ssDnNDPb3ShSS8qYFPst6ZU3we351WOfNmE3nCEgEeCG8Jh+RiLK/tw==",
			"hasInstallScript": true,
			"license": "MIT",
			"dependencies": {
				"@node-3d/addon-tools": "~10.0.1",
				"@node-3d/deps-opengl": "~8.0.0",
				"@node-3d/segfault": "~4.0.0"
			},
			"engines": {
				"node": ">=24.13.0",
				"npm": ">=11.6.2"
			}
		},
		"node_modules/@node-3d/image": {
			"version": "6.0.0",
			"resolved": "https://registry.npmjs.org/@node-3d/image/-/image-6.0.0.tgz",
			"integrity": "sha512-cXtqqzon+Hz9ZwxKnKXNuDE00JEJp1bqySH0WvQE/ayoUJ3U4IrVTnwOTZB4jhDebtYLVnyG1Tu4bMyWvWj51A==",
			"hasInstallScript": true,
			"license": "MIT",
			"dependencies": {
				"@node-3d/addon-tools": "~10.0.1",
				"@node-3d/deps-freeimage": "~7.0.0",
				"@node-3d/segfault": "~4.0.0"
			},
			"engines": {
				"node": ">=24.13.0",
				"npm": ">=11.6.2"
			}
		},
		"node_modules/@node-3d/segfault": {
			"version": "4.0.1",
			"resolved": "https://registry.npmjs.org/@node-3d/segfault/-/segfault-4.0.1.tgz",
			"integrity": "sha512-8zm0161CevwC07CT0X9DWalsrsykywLc/U6C65ChqN/4h7iBQBT0+uy9MfhhwYnVM9CQzOqmTBqHMPfdenHxOQ==",
			"hasInstallScript": true,
			"license": "MIT",
			"dependencies": {
				"@node-3d/addon-tools": "~10.0.1"
			},
			"engines": {
				"node": ">=24.13.0",
				"npm": ">=11.6.2"
			}
		}
	}
}
